{
  "nodes": {
    "flake-parts": {
      "inputs": {
        "nixpkgs-lib": [
          "nix-eval-jobs-src",
          "nixpkgs"
        ]
      },
      "locked": {
        "lastModified": 1736143030,
        "narHash": "sha256-+hu54pAoLDEZT9pjHlqL9DNzWz0NbUn8NEAHP7PQPzU=",
        "owner": "hercules-ci",
        "repo": "flake-parts",
        "rev": "b905f6fc23a9051a6e1b741e1438dbfc0634c6de",
        "type": "github"
      },
      "original": {
        "owner": "hercules-ci",
        "repo": "flake-parts",
        "type": "github"
      }
    },
    "nix-eval-jobs-src": {
      "inputs": {
        "flake-parts": "flake-parts",
        "nix-github-actions": "nix-github-actions",
        "nixpkgs": "nixpkgs",
        "treefmt-nix": "treefmt-nix"
      },
      "locked": {
        "lastModified": 1733815740,
        "narHash": "sha256-63i7TgirD3FiJM1z8ZuOOcXWj4ZhgK357NHmf90WNig=",
        "owner": "nix-community",
        "repo": "nix-eval-jobs",
        "rev": "8e82a79fe9329f3be4836ad45d4edf2383e7723a",
        "type": "github"
      },
      "original": {
        "owner": "nix-community",
        "repo": "nix-eval-jobs",
        "type": "github"
      }
    },
    "nix-github-actions": {
      "inputs": {
        "nixpkgs": [
          "nix-eval-jobs-src",
          "nixpkgs"
        ]
      },
      "locked": {
        "lastModified": 1731952509,
        "narHash": "sha256-p4gB3Rhw8R6Ak4eMl8pqjCPOLCZRqaehZxdZ/mbFClM=",
        "owner": "nix-community",
        "repo": "nix-github-actions",
        "rev": "7b5f051df789b6b20d259924d349a9ba3319b226",
        "type": "github"
      },
      "original": {
        "owner": "nix-community",
        "repo": "nix-github-actions",
        "type": "github"
      }
    },
    "nixpkgs": {
      "locked": {
        "lastModified": 1736042175,
        "narHash": "sha256-jdd5UWtLVrNEW8K6u5sy5upNAFmF3S4Y+OIeToqJ1X8=",
        "owner": "NixOS",
        "repo": "nixpkgs",
        "rev": "bf689c40d035239a489de5997a4da5352434632e",
        "type": "github"
      },
      "original": {
        "owner": "NixOS",
        "ref": "nixpkgs-unstable",
        "repo": "nixpkgs",
        "type": "github"
      }
    },
    "nixpkgs_2": {
      "inputs": {
        "nixpkgs": "nixpkgs_3"
      },
      "locked": {
        "lastModified": 1737326234,
        "narHash": "sha256-Phu3Ii+fn9QC4ShO3rUPCChCBjHLg7jkmzKeV6AWPZ8=",
        "owner": "nix-ocaml",
        "repo": "nix-overlays",
        "rev": "fb15b67c6255ab99fd72576a98e3baba157ae788",
        "type": "github"
      },
      "original": {
        "owner": "nix-ocaml",
        "repo": "nix-overlays",
        "type": "github"
      }
    },
    "nixpkgs_3": {
      "locked": {
        "lastModified": 1737274611,
        "narHash": "sha256-tmD7875tu1P0UvhI3Q/fXvIe8neJo7H9ZrPQ+QF7Q3E=",
        "owner": "NixOS",
        "repo": "nixpkgs",
        "rev": "50165c4f7eb48ce82bd063e1fb8047a0f515f8ce",
        "type": "github"
      },
      "original": {
        "owner": "NixOS",
        "repo": "nixpkgs",
        "rev": "50165c4f7eb48ce82bd063e1fb8047a0f515f8ce",
        "type": "github"
      }
    },
    "root": {
      "inputs": {
        "nix-eval-jobs-src": "nix-eval-jobs-src",
        "nixpkgs": "nixpkgs_2"
      }
    },
    "treefmt-nix": {
      "inputs": {
        "nixpkgs": [
          "nix-eval-jobs-src",
          "nixpkgs"
        ]
      },
      "locked": {
        "lastModified": 1736154270,
        "narHash": "sha256-p2r8xhQZ3TYIEKBoiEhllKWQqWNJNoT9v64Vmg4q8Zw=",
        "owner": "numtide",
        "repo": "treefmt-nix",
        "rev": "13c913f5deb3a5c08bb810efd89dc8cb24dd968b",
        "type": "github"
      },
      "original": {
        "owner": "numtide",
        "repo": "treefmt-nix",
        "type": "github"
      }
    }
  },
  "root": "root",
  "version": 7
}
