{
  "nodes": {
    "flake-parts": {
      "inputs": {
        "nixpkgs-lib": [
          "nix-eval-jobs-src",
          "nixpkgs"
        ]
      },
      "locked": {
        "lastModified": 1765835352,
        "narHash": "sha256-XswHlK/Qtjasvhd1nOa1e8MgZ8GS//jBoTqWtrS1Giw=",
        "owner": "hercules-ci",
        "repo": "flake-parts",
        "rev": "a34fae9c08a15ad73f295041fec82323541400a9",
        "type": "github"
      },
      "original": {
        "owner": "hercules-ci",
        "repo": "flake-parts",
        "type": "github"
      }
    },
    "nix": {
      "flake": false,
      "locked": {
        "lastModified": 1772966630,
        "narHash": "sha256-qzVtneydMSjNZXzNbxQG9VvJc490keS9RNlbUCfiQas=",
        "owner": "NixOS",
        "repo": "nix",
        "rev": "26842787496f2293c676fb36db38dacfd63497e0",
        "type": "github"
      },
      "original": {
        "owner": "NixOS",
        "ref": "2.34-maintenance",
        "repo": "nix",
        "type": "github"
      }
    },
    "nix-eval-jobs-src": {
      "inputs": {
        "flake-parts": "flake-parts",
        "nix": "nix",
        "nixpkgs": "nixpkgs",
        "treefmt-nix": "treefmt-nix"
      },
      "locked": {
        "lastModified": 1777560238,
        "narHash": "sha256-vd3yqc0hvVTsQhyCJhfQQZFWKL8sNxStcP6xcAk1u+w=",
        "owner": "nix-community",
        "repo": "nix-eval-jobs",
        "rev": "ed28134795a4bf67ffe3d2d42858fcda93be8102",
        "type": "github"
      },
      "original": {
        "owner": "nix-community",
        "repo": "nix-eval-jobs",
        "type": "github"
      }
    },
    "nixpkgs": {
      "locked": {
        "lastModified": 1767026758,
        "narHash": "sha256-OuZZ71OA/6fZePPqgVinI4QVu9j1QCt+Q9i5ZgmSGqI=",
        "rev": "346dd96ad74dc4457a9db9de4f4f57dab2e5731d",
        "type": "tarball",
        "url": "https://releases.nixos.org/nixpkgs/nixpkgs-26.05pre918255.346dd96ad74d/nixexprs.tar.xz"
      },
      "original": {
        "type": "tarball",
        "url": "https://nixos.org/channels/nixpkgs-unstable/nixexprs.tar.xz"
      }
    },
    "nixpkgs_2": {
      "inputs": {
        "nixpkgs": "nixpkgs_3"
      },
      "locked": {
        "lastModified": 1779561806,
        "narHash": "sha256-Ky2W2RA4cKeDUfYxtTB1L3JptQKE8hvSEd510SmfhNQ=",
        "owner": "nix-ocaml",
        "repo": "nix-overlays",
        "rev": "d38ee873ab33026919ddbebc46c1dc5602435309",
        "type": "github"
      },
      "original": {
        "owner": "nix-ocaml",
        "repo": "nix-overlays",
        "type": "github"
      }
    },
    "nixpkgs_3": {
      "locked": {
        "lastModified": 1779522599,
        "narHash": "sha256-3F5IRy9EUlVYH9PYuBav+VVBSJsFK+XztqQ7AJU/I3M=",
        "owner": "NixOS",
        "repo": "nixpkgs",
        "rev": "492bd1f77a7ccf2e2858b3935fe209d3b31f9159",
        "type": "github"
      },
      "original": {
        "owner": "NixOS",
        "repo": "nixpkgs",
        "rev": "492bd1f77a7ccf2e2858b3935fe209d3b31f9159",
        "type": "github"
      }
    },
    "root": {
      "inputs": {
        "nix-eval-jobs-src": "nix-eval-jobs-src",
        "nixpkgs": "nixpkgs_2"
      }
    },
    "treefmt-nix": {
      "inputs": {
        "nixpkgs": [
          "nix-eval-jobs-src",
          "nixpkgs"
        ]
      },
      "locked": {
        "lastModified": 1766000401,
        "narHash": "sha256-+cqN4PJz9y0JQXfAK5J1drd0U05D5fcAGhzhfVrDlsI=",
        "owner": "numtide",
        "repo": "treefmt-nix",
        "rev": "42d96e75aa56a3f70cab7e7dc4a32868db28e8fd",
        "type": "github"
      },
      "original": {
        "owner": "numtide",
        "repo": "treefmt-nix",
        "type": "github"
      }
    }
  },
  "root": "root",
  "version": 7
}
