{
  "nodes": {
    "flake-parts": {
      "inputs": {
        "nixpkgs-lib": [
          "nix-eval-jobs-src",
          "nixpkgs"
        ]
      },
      "locked": {
        "lastModified": 1741352980,
        "narHash": "sha256-+u2UunDA4Cl5Fci3m7S643HzKmIDAe+fiXrLqYsR2fs=",
        "owner": "hercules-ci",
        "repo": "flake-parts",
        "rev": "f4330d22f1c5d2ba72d3d22df5597d123fdb60a9",
        "type": "github"
      },
      "original": {
        "owner": "hercules-ci",
        "repo": "flake-parts",
        "type": "github"
      }
    },
    "nix": {
      "flake": false,
      "locked": {
        "lastModified": 1752054614,
        "narHash": "sha256-GMLWJVc1nyRf5FA+qn2D/jEjCf8lXJpkFRTYyKiKte4=",
        "owner": "NixOS",
        "repo": "nix",
        "rev": "ed8f7df56d49d19a80ff0566cd8c80db752669ac",
        "type": "github"
      },
      "original": {
        "owner": "NixOS",
        "ref": "2.30-maintenance",
        "repo": "nix",
        "type": "github"
      }
    },
    "nix-eval-jobs-src": {
      "inputs": {
        "flake-parts": "flake-parts",
        "nix": "nix",
        "nixpkgs": "nixpkgs",
        "treefmt-nix": "treefmt-nix"
      },
      "locked": {
        "lastModified": 1752683968,
        "narHash": "sha256-urOFgqXzs+cgd1CKFuN245vOeVx7rIldlS9Q5WcemCw=",
        "owner": "nix-community",
        "repo": "nix-eval-jobs",
        "rev": "a579b1a416dc04d50c0dc2832e9da24b0d08dbac",
        "type": "github"
      },
      "original": {
        "owner": "nix-community",
        "repo": "nix-eval-jobs",
        "type": "github"
      }
    },
    "nixpkgs": {
      "locked": {
        "lastModified": 1752066716,
        "narHash": "sha256-vMs55uRO/FmzFMWwVtXSnP1dxPC9u9M9I5jNVTqXVFA=",
        "owner": "nixos",
        "repo": "nixpkgs",
        "rev": "303269b20fe8f5218f8112ff1cbd2a926b75c147",
        "type": "github"
      },
      "original": {
        "owner": "nixos",
        "repo": "nixpkgs",
        "type": "github"
      }
    },
    "nixpkgs_2": {
      "inputs": {
        "nixpkgs": "nixpkgs_3"
      },
      "locked": {
        "lastModified": 1756706117,
        "narHash": "sha256-1CVNB66ib1KgaDq4NlThNdYjYu11a/yfX0AqHkH2kC8=",
        "owner": "nix-ocaml",
        "repo": "nix-overlays",
        "rev": "74feb5ad0c8b1bf6abc3aa2b08878ba6c9765127",
        "type": "github"
      },
      "original": {
        "owner": "nix-ocaml",
        "repo": "nix-overlays",
        "type": "github"
      }
    },
    "nixpkgs_3": {
      "locked": {
        "lastModified": 1755578972,
        "narHash": "sha256-3VxpGUb5akZOiCSK/uuIRLuELma0a75Xqlf444c1eoA=",
        "owner": "NixOS",
        "repo": "nixpkgs",
        "rev": "9512947ff97e22508c33fbf002a5141e1ee8a15d",
        "type": "github"
      },
      "original": {
        "owner": "NixOS",
        "repo": "nixpkgs",
        "rev": "9512947ff97e22508c33fbf002a5141e1ee8a15d",
        "type": "github"
      }
    },
    "root": {
      "inputs": {
        "nix-eval-jobs-src": "nix-eval-jobs-src",
        "nixpkgs": "nixpkgs_2"
      }
    },
    "treefmt-nix": {
      "inputs": {
        "nixpkgs": [
          "nix-eval-jobs-src",
          "nixpkgs"
        ]
      },
      "locked": {
        "lastModified": 1752055615,
        "narHash": "sha256-19m7P4O/Aw/6+CzncWMAJu89JaKeMh3aMle1CNQSIwM=",
        "owner": "numtide",
        "repo": "treefmt-nix",
        "rev": "c9d477b5d5bd7f26adddd3f96cfd6a904768d4f9",
        "type": "github"
      },
      "original": {
        "owner": "numtide",
        "repo": "treefmt-nix",
        "type": "github"
      }
    }
  },
  "root": "root",
  "version": 7
}
